
Microsoft Visual Studio Solution File, Format Version 12.00
# Visual Studio Version 17
VisualStudioVersion = 17.12.35527.113
MinimumVisualStudioVersion = 10.0.40219.1
Project("{9A19103F-16F7-4668-BE54-9A1E7A4F7556}") = "RecipeWebsiteBackend", "RecipeWebsiteBackend\RecipeWebsiteBackend.csproj", "{EE6AC85F-0BA0-4911-8DB0-E29432817586}"
EndProject
Global
	GlobalSection(SolutionConfigurationPlatforms) = preSolution
		Debug|Any CPU = Debug|Any CPU
		Release|Any CPU = Release|Any CPU
	EndGlobalSection
	GlobalSection(ProjectConfigurationPlatforms) = postSolution
		{EE6AC85F-0BA0-4911-8DB0-E29432817586}.Debug|Any CPU.ActiveCfg = Debug|Any CPU
		{EE6AC85F-0BA0-4911-8DB0-E29432817586}.Debug|Any CPU.Build.0 = Debug|Any CPU
		{EE6AC85F-0BA0-4911-8DB0-E29432817586}.Release|Any CPU.ActiveCfg = Release|Any CPU
		{EE6AC85F-0BA0-4911-8DB0-E29432817586}.Release|Any CPU.Build.0 = Release|Any CPU
	EndGlobalSection
	GlobalSection(SolutionProperties) = preSolution
		HideSolutionNode = FALSE
	EndGlobalSection
EndGlobal
